
Microsoft Visual Studio Solution File, Format Version 12.00
# Visual Studio Version 16
VisualStudioVersion = 16.0.30204.135
MinimumVisualStudioVersion = 10.0.40219.1
Project("{9A19103F-16F7-4668-BE54-9A1E7A4F7556}") = "ConsoleUI", "ConsoleUI\ConsoleUI.csproj", "{BFC1705B-D047-4350-BBE8-E11C1D0C915D}"
EndProject
Project("{9A19103F-16F7-4668-BE54-9A1E7A4F7556}") = "DesignPatterns.AbstractFactory", "AbstractFactory\DesignPatterns.AbstractFactory.csproj", "{0B0B5751-9B4B-4D34-AD78-04BD4BD7EE86}"
EndProject
Project("{9A19103F-16F7-4668-BE54-9A1E7A4F7556}") = "DesignPatterns.Builder", "DesignPattern.Builder\DesignPatterns.Builder.csproj", "{B9E0218A-5ED3-4441-905B-27C3FC8CEDA4}"
EndProject
Project("{9A19103F-16F7-4668-BE54-9A1E7A4F7556}") = "DesignPatterns.Factory", "DesignPattern.Factory\DesignPatterns.Factory.csproj", "{8B1D89D2-09AA-4D86-A39C-1AE61AE4AC40}"
EndProject
Project("{9A19103F-16F7-4668-BE54-9A1E7A4F7556}") = "DesignPatterns.Prototype", "DesignPatterns.Prototype\DesignPatterns.Prototype.csproj", "{A45D14A1-A524-4DC0-B726-69839E079BE0}"
EndProject
Project("{9A19103F-16F7-4668-BE54-9A1E7A4F7556}") = "DesignPatterns.Singleton", "DesignPatterns.Singleton\DesignPatterns.Singleton.csproj", "{B0E28663-33DB-448E-980D-2A05DC0EE6C9}"
EndProject
Project("{9A19103F-16F7-4668-BE54-9A1E7A4F7556}") = "DesignPatterns.Adapter", "DesignPatterns.Adapter\DesignPatterns.Adapter.csproj", "{E1A0BF03-D9DB-4332-950B-1CF192E49690}"
EndProject
Project("{9A19103F-16F7-4668-BE54-9A1E7A4F7556}") = "DesignPatterns.Bridge", "DesignPatterns.Bridge\DesignPatterns.Bridge.csproj", "{0AD8AE32-63BE-43CD-99DA-B9D9794CDE88}"
EndProject
Project("{9A19103F-16F7-4668-BE54-9A1E7A4F7556}") = "DesignPatterns.Composite", "DesignPatterns.Composite\DesignPatterns.Composite.csproj", "{9B2B864C-DA36-4EA2-B984-2526273C0D71}"
EndProject
Project("{9A19103F-16F7-4668-BE54-9A1E7A4F7556}") = "DesignPatterns.Decorator", "DesignPatterns.Decorator\DesignPatterns.Decorator.csproj", "{EC347309-0358-489D-9B3D-5F3A568E5CD6}"
EndProject
Project("{9A19103F-16F7-4668-BE54-9A1E7A4F7556}") = "DesignPatterns.Facade", "DesignPatterns.Facade\DesignPatterns.Facade.csproj", "{87328B22-A22A-41DF-B9EC-04D3261C93D8}"
EndProject
Project("{9A19103F-16F7-4668-BE54-9A1E7A4F7556}") = "DesignPatterns.Flyweight", "DesignPatterns.Flyweight\DesignPatterns.Flyweight.csproj", "{79371E4A-22D9-4872-AD0D-21FE920BA13A}"
EndProject
Project("{9A19103F-16F7-4668-BE54-9A1E7A4F7556}") = "DesignPatterns.Proxy", "DesignPatterns.Proxy\DesignPatterns.Proxy.csproj", "{032C2EFF-8158-4DA3-9698-F5D1B4F14252}"
EndProject
Project("{9A19103F-16F7-4668-BE54-9A1E7A4F7556}") = "DesignPatterns.ChainOfResponsibility", "DesignPatterns.ChainOfResponsibility\DesignPatterns.ChainOfResponsibility.csproj", "{37B7E5E4-E7DC-43EB-B955-19459A6E6D1E}"
EndProject
Project("{9A19103F-16F7-4668-BE54-9A1E7A4F7556}") = "DesignPatterns.Command", "DesignPatterns.Command\DesignPatterns.Command.csproj", "{7AC29066-60FC-42AD-B61D-C34CBF6B006A}"
EndProject
Project("{9A19103F-16F7-4668-BE54-9A1E7A4F7556}") = "DesignPatterns.Interpreter", "DesignPatterns.Interpreter\DesignPatterns.Interpreter.csproj", "{3431DE44-DCEB-4250-8413-BC1E2F1D55EB}"
EndProject
Project("{9A19103F-16F7-4668-BE54-9A1E7A4F7556}") = "DesignPatterns.Iterator", "DesignPatterns.Iterator\DesignPatterns.Iterator.csproj", "{397FCCDD-BAC8-473A-91FD-B1CC1CB976AD}"
EndProject
Project("{FAE04EC0-301F-11D3-BF4B-00C04F79EFBC}") = "DesignPatterns.Mediator", "DesignPatterns.Mediator\DesignPatterns.Mediator.csproj", "{A8AED745-CFF4-4EEF-873F-315B63C60148}"
EndProject
Project("{FAE04EC0-301F-11D3-BF4B-00C04F79EFBC}") = "DesignPatterns.Memento", "DesignPatterns.Memento\DesignPatterns.Memento.csproj", "{3B5A01C7-FD75-4C39-B41B-81A270C4D18F}"
EndProject
Project("{FAE04EC0-301F-11D3-BF4B-00C04F79EFBC}") = "DesignPatterns.Observer", "DesignPatterns.Observer\DesignPatterns.Observer.csproj", "{045B36B0-0F14-46E8-8EDB-99DDE851CC47}"
EndProject
Project("{FAE04EC0-301F-11D3-BF4B-00C04F79EFBC}") = "DesignPatterns.State", "DesignPatterns.State\DesignPatterns.State.csproj", "{A0B5086E-2799-4197-8647-8997C250E0AA}"
EndProject
Project("{FAE04EC0-301F-11D3-BF4B-00C04F79EFBC}") = "DesignPatterns.Strategy", "DesignPatterns.Strategy\DesignPatterns.Strategy.csproj", "{9A9707C1-6DB8-4C2D-B263-9F28AB74D8A0}"
EndProject
Project("{FAE04EC0-301F-11D3-BF4B-00C04F79EFBC}") = "DesignPatterns.Template", "DesignPatterns.Template\DesignPatterns.Template.csproj", "{9C0D536D-4BF3-4B77-A742-3FF6EAE8384D}"
EndProject
Global
	GlobalSection(SolutionConfigurationPlatforms) = preSolution
		Debug|Any CPU = Debug|Any CPU
		Release|Any CPU = Release|Any CPU
	EndGlobalSection
	GlobalSection(ProjectConfigurationPlatforms) = postSolution
		{BFC1705B-D047-4350-BBE8-E11C1D0C915D}.Debug|Any CPU.ActiveCfg = Debug|Any CPU
		{BFC1705B-D047-4350-BBE8-E11C1D0C915D}.Debug|Any CPU.Build.0 = Debug|Any CPU
		{BFC1705B-D047-4350-BBE8-E11C1D0C915D}.Release|Any CPU.ActiveCfg = Release|Any CPU
		{BFC1705B-D047-4350-BBE8-E11C1D0C915D}.Release|Any CPU.Build.0 = Release|Any CPU
		{0B0B5751-9B4B-4D34-AD78-04BD4BD7EE86}.Debug|Any CPU.ActiveCfg = Debug|Any CPU
		{0B0B5751-9B4B-4D34-AD78-04BD4BD7EE86}.Debug|Any CPU.Build.0 = Debug|Any CPU
		{0B0B5751-9B4B-4D34-AD78-04BD4BD7EE86}.Release|Any CPU.ActiveCfg = Release|Any CPU
		{0B0B5751-9B4B-4D34-AD78-04BD4BD7EE86}.Release|Any CPU.Build.0 = Release|Any CPU
		{B9E0218A-5ED3-4441-905B-27C3FC8CEDA4}.Debug|Any CPU.ActiveCfg = Debug|Any CPU
		{B9E0218A-5ED3-4441-905B-27C3FC8CEDA4}.Debug|Any CPU.Build.0 = Debug|Any CPU
		{B9E0218A-5ED3-4441-905B-27C3FC8CEDA4}.Release|Any CPU.ActiveCfg = Release|Any CPU
		{B9E0218A-5ED3-4441-905B-27C3FC8CEDA4}.Release|Any CPU.Build.0 = Release|Any CPU
		{8B1D89D2-09AA-4D86-A39C-1AE61AE4AC40}.Debug|Any CPU.ActiveCfg = Debug|Any CPU
		{8B1D89D2-09AA-4D86-A39C-1AE61AE4AC40}.Debug|Any CPU.Build.0 = Debug|Any CPU
		{8B1D89D2-09AA-4D86-A39C-1AE61AE4AC40}.Release|Any CPU.ActiveCfg = Release|Any CPU
		{8B1D89D2-09AA-4D86-A39C-1AE61AE4AC40}.Release|Any CPU.Build.0 = Release|Any CPU
		{A45D14A1-A524-4DC0-B726-69839E079BE0}.Debug|Any CPU.ActiveCfg = Debug|Any CPU
		{A45D14A1-A524-4DC0-B726-69839E079BE0}.Debug|Any CPU.Build.0 = Debug|Any CPU
		{A45D14A1-A524-4DC0-B726-69839E079BE0}.Release|Any CPU.ActiveCfg = Release|Any CPU
		{A45D14A1-A524-4DC0-B726-69839E079BE0}.Release|Any CPU.Build.0 = Release|Any CPU
		{B0E28663-33DB-448E-980D-2A05DC0EE6C9}.Debug|Any CPU.ActiveCfg = Debug|Any CPU
		{B0E28663-33DB-448E-980D-2A05DC0EE6C9}.Debug|Any CPU.Build.0 = Debug|Any CPU
		{B0E28663-33DB-448E-980D-2A05DC0EE6C9}.Release|Any CPU.ActiveCfg = Release|Any CPU
		{B0E28663-33DB-448E-980D-2A05DC0EE6C9}.Release|Any CPU.Build.0 = Release|Any CPU
		{E1A0BF03-D9DB-4332-950B-1CF192E49690}.Debug|Any CPU.ActiveCfg = Debug|Any CPU
		{E1A0BF03-D9DB-4332-950B-1CF192E49690}.Debug|Any CPU.Build.0 = Debug|Any CPU
		{E1A0BF03-D9DB-4332-950B-1CF192E49690}.Release|Any CPU.ActiveCfg = Release|Any CPU
		{E1A0BF03-D9DB-4332-950B-1CF192E49690}.Release|Any CPU.Build.0 = Release|Any CPU
		{0AD8AE32-63BE-43CD-99DA-B9D9794CDE88}.Debug|Any CPU.ActiveCfg = Debug|Any CPU
		{0AD8AE32-63BE-43CD-99DA-B9D9794CDE88}.Debug|Any CPU.Build.0 = Debug|Any CPU
		{0AD8AE32-63BE-43CD-99DA-B9D9794CDE88}.Release|Any CPU.ActiveCfg = Release|Any CPU
		{0AD8AE32-63BE-43CD-99DA-B9D9794CDE88}.Release|Any CPU.Build.0 = Release|Any CPU
		{9B2B864C-DA36-4EA2-B984-2526273C0D71}.Debug|Any CPU.ActiveCfg = Debug|Any CPU
		{9B2B864C-DA36-4EA2-B984-2526273C0D71}.Debug|Any CPU.Build.0 = Debug|Any CPU
		{9B2B864C-DA36-4EA2-B984-2526273C0D71}.Release|Any CPU.ActiveCfg = Release|Any CPU
		{9B2B864C-DA36-4EA2-B984-2526273C0D71}.Release|Any CPU.Build.0 = Release|Any CPU
		{EC347309-0358-489D-9B3D-5F3A568E5CD6}.Debug|Any CPU.ActiveCfg = Debug|Any CPU
		{EC347309-0358-489D-9B3D-5F3A568E5CD6}.Debug|Any CPU.Build.0 = Debug|Any CPU
		{EC347309-0358-489D-9B3D-5F3A568E5CD6}.Release|Any CPU.ActiveCfg = Release|Any CPU
		{EC347309-0358-489D-9B3D-5F3A568E5CD6}.Release|Any CPU.Build.0 = Release|Any CPU
		{87328B22-A22A-41DF-B9EC-04D3261C93D8}.Debug|Any CPU.ActiveCfg = Debug|Any CPU
		{87328B22-A22A-41DF-B9EC-04D3261C93D8}.Debug|Any CPU.Build.0 = Debug|Any CPU
		{87328B22-A22A-41DF-B9EC-04D3261C93D8}.Release|Any CPU.ActiveCfg = Release|Any CPU
		{87328B22-A22A-41DF-B9EC-04D3261C93D8}.Release|Any CPU.Build.0 = Release|Any CPU
		{79371E4A-22D9-4872-AD0D-21FE920BA13A}.Debug|Any CPU.ActiveCfg = Debug|Any CPU
		{79371E4A-22D9-4872-AD0D-21FE920BA13A}.Debug|Any CPU.Build.0 = Debug|Any CPU
		{79371E4A-22D9-4872-AD0D-21FE920BA13A}.Release|Any CPU.ActiveCfg = Release|Any CPU
		{79371E4A-22D9-4872-AD0D-21FE920BA13A}.Release|Any CPU.Build.0 = Release|Any CPU
		{032C2EFF-8158-4DA3-9698-F5D1B4F14252}.Debug|Any CPU.ActiveCfg = Debug|Any CPU
		{032C2EFF-8158-4DA3-9698-F5D1B4F14252}.Debug|Any CPU.Build.0 = Debug|Any CPU
		{032C2EFF-8158-4DA3-9698-F5D1B4F14252}.Release|Any CPU.ActiveCfg = Release|Any CPU
		{032C2EFF-8158-4DA3-9698-F5D1B4F14252}.Release|Any CPU.Build.0 = Release|Any CPU
		{37B7E5E4-E7DC-43EB-B955-19459A6E6D1E}.Debug|Any CPU.ActiveCfg = Debug|Any CPU
		{37B7E5E4-E7DC-43EB-B955-19459A6E6D1E}.Debug|Any CPU.Build.0 = Debug|Any CPU
		{37B7E5E4-E7DC-43EB-B955-19459A6E6D1E}.Release|Any CPU.ActiveCfg = Release|Any CPU
		{37B7E5E4-E7DC-43EB-B955-19459A6E6D1E}.Release|Any CPU.Build.0 = Release|Any CPU
		{7AC29066-60FC-42AD-B61D-C34CBF6B006A}.Debug|Any CPU.ActiveCfg = Debug|Any CPU
		{7AC29066-60FC-42AD-B61D-C34CBF6B006A}.Debug|Any CPU.Build.0 = Debug|Any CPU
		{7AC29066-60FC-42AD-B61D-C34CBF6B006A}.Release|Any CPU.ActiveCfg = Release|Any CPU
		{7AC29066-60FC-42AD-B61D-C34CBF6B006A}.Release|Any CPU.Build.0 = Release|Any CPU
		{3431DE44-DCEB-4250-8413-BC1E2F1D55EB}.Debug|Any CPU.ActiveCfg = Debug|Any CPU
		{3431DE44-DCEB-4250-8413-BC1E2F1D55EB}.Debug|Any CPU.Build.0 = Debug|Any CPU
		{3431DE44-DCEB-4250-8413-BC1E2F1D55EB}.Release|Any CPU.ActiveCfg = Release|Any CPU
		{3431DE44-DCEB-4250-8413-BC1E2F1D55EB}.Release|Any CPU.Build.0 = Release|Any CPU
		{397FCCDD-BAC8-473A-91FD-B1CC1CB976AD}.Debug|Any CPU.ActiveCfg = Debug|Any CPU
		{397FCCDD-BAC8-473A-91FD-B1CC1CB976AD}.Debug|Any CPU.Build.0 = Debug|Any CPU
		{397FCCDD-BAC8-473A-91FD-B1CC1CB976AD}.Release|Any CPU.ActiveCfg = Release|Any CPU
		{397FCCDD-BAC8-473A-91FD-B1CC1CB976AD}.Release|Any CPU.Build.0 = Release|Any CPU
		{A8AED745-CFF4-4EEF-873F-315B63C60148}.Debug|Any CPU.ActiveCfg = Debug|Any CPU
		{A8AED745-CFF4-4EEF-873F-315B63C60148}.Debug|Any CPU.Build.0 = Debug|Any CPU
		{A8AED745-CFF4-4EEF-873F-315B63C60148}.Release|Any CPU.ActiveCfg = Release|Any CPU
		{A8AED745-CFF4-4EEF-873F-315B63C60148}.Release|Any CPU.Build.0 = Release|Any CPU
		{3B5A01C7-FD75-4C39-B41B-81A270C4D18F}.Debug|Any CPU.ActiveCfg = Debug|Any CPU
		{3B5A01C7-FD75-4C39-B41B-81A270C4D18F}.Debug|Any CPU.Build.0 = Debug|Any CPU
		{3B5A01C7-FD75-4C39-B41B-81A270C4D18F}.Release|Any CPU.ActiveCfg = Release|Any CPU
		{3B5A01C7-FD75-4C39-B41B-81A270C4D18F}.Release|Any CPU.Build.0 = Release|Any CPU
		{045B36B0-0F14-46E8-8EDB-99DDE851CC47}.Debug|Any CPU.ActiveCfg = Debug|Any CPU
		{045B36B0-0F14-46E8-8EDB-99DDE851CC47}.Debug|Any CPU.Build.0 = Debug|Any CPU
		{045B36B0-0F14-46E8-8EDB-99DDE851CC47}.Release|Any CPU.ActiveCfg = Release|Any CPU
		{045B36B0-0F14-46E8-8EDB-99DDE851CC47}.Release|Any CPU.Build.0 = Release|Any CPU
		{A0B5086E-2799-4197-8647-8997C250E0AA}.Debug|Any CPU.ActiveCfg = Debug|Any CPU
		{A0B5086E-2799-4197-8647-8997C250E0AA}.Debug|Any CPU.Build.0 = Debug|Any CPU
		{A0B5086E-2799-4197-8647-8997C250E0AA}.Release|Any CPU.ActiveCfg = Release|Any CPU
		{A0B5086E-2799-4197-8647-8997C250E0AA}.Release|Any CPU.Build.0 = Release|Any CPU
		{9A9707C1-6DB8-4C2D-B263-9F28AB74D8A0}.Debug|Any CPU.ActiveCfg = Debug|Any CPU
		{9A9707C1-6DB8-4C2D-B263-9F28AB74D8A0}.Debug|Any CPU.Build.0 = Debug|Any CPU
		{9A9707C1-6DB8-4C2D-B263-9F28AB74D8A0}.Release|Any CPU.ActiveCfg = Release|Any CPU
		{9A9707C1-6DB8-4C2D-B263-9F28AB74D8A0}.Release|Any CPU.Build.0 = Release|Any CPU
		{9C0D536D-4BF3-4B77-A742-3FF6EAE8384D}.Debug|Any CPU.ActiveCfg = Debug|Any CPU
		{9C0D536D-4BF3-4B77-A742-3FF6EAE8384D}.Debug|Any CPU.Build.0 = Debug|Any CPU
		{9C0D536D-4BF3-4B77-A742-3FF6EAE8384D}.Release|Any CPU.ActiveCfg = Release|Any CPU
		{9C0D536D-4BF3-4B77-A742-3FF6EAE8384D}.Release|Any CPU.Build.0 = Release|Any CPU
	EndGlobalSection
	GlobalSection(SolutionProperties) = preSolution
		HideSolutionNode = FALSE
	EndGlobalSection
	GlobalSection(ExtensibilityGlobals) = postSolution
		SolutionGuid = {E0711BBE-36DF-4577-BD58-0773CD990903}
	EndGlobalSection
EndGlobal
