
Microsoft Visual Studio Solution File, Format Version 12.00
# Visual Studio Version 16
VisualStudioVersion = 16.0.30204.135
MinimumVisualStudioVersion = 10.0.40219.1
Project("{FAE04EC0-301F-11D3-BF4B-00C04F79EFBC}") = "ConsoleUI", "ConsoleUI\ConsoleUI.csproj", "{BFC1705B-D047-4350-BBE8-E11C1D0C915D}"
EndProject
Project("{FAE04EC0-301F-11D3-BF4B-00C04F79EFBC}") = "DesignPatterns.AbstractFactory", "AbstractFactory\DesignPatterns.AbstractFactory.csproj", "{0B0B5751-9B4B-4D34-AD78-04BD4BD7EE86}"
EndProject
Project("{FAE04EC0-301F-11D3-BF4B-00C04F79EFBC}") = "DesignPatterns.Builder", "DesignPattern.Builder\DesignPatterns.Builder.csproj", "{B9E0218A-5ED3-4441-905B-27C3FC8CEDA4}"
EndProject
Project("{FAE04EC0-301F-11D3-BF4B-00C04F79EFBC}") = "DesignPatterns.Factory", "DesignPattern.Factory\DesignPatterns.Factory.csproj", "{8B1D89D2-09AA-4D86-A39C-1AE61AE4AC40}"
EndProject
Project("{FAE04EC0-301F-11D3-BF4B-00C04F79EFBC}") = "DesignPatterns.Prototype", "DesignPatterns.Prototype\DesignPatterns.Prototype.csproj", "{A45D14A1-A524-4DC0-B726-69839E079BE0}"
EndProject
Project("{FAE04EC0-301F-11D3-BF4B-00C04F79EFBC}") = "DesignPatterns.Singleton", "DesignPatterns.Singleton\DesignPatterns.Singleton.csproj", "{B0E28663-33DB-448E-980D-2A05DC0EE6C9}"
EndProject
Global
	GlobalSection(SolutionConfigurationPlatforms) = preSolution
		Debug|Any CPU = Debug|Any CPU
		Release|Any CPU = Release|Any CPU
	EndGlobalSection
	GlobalSection(ProjectConfigurationPlatforms) = postSolution
		{BFC1705B-D047-4350-BBE8-E11C1D0C915D}.Debug|Any CPU.ActiveCfg = Debug|Any CPU
		{BFC1705B-D047-4350-BBE8-E11C1D0C915D}.Debug|Any CPU.Build.0 = Debug|Any CPU
		{BFC1705B-D047-4350-BBE8-E11C1D0C915D}.Release|Any CPU.ActiveCfg = Release|Any CPU
		{BFC1705B-D047-4350-BBE8-E11C1D0C915D}.Release|Any CPU.Build.0 = Release|Any CPU
		{0B0B5751-9B4B-4D34-AD78-04BD4BD7EE86}.Debug|Any CPU.ActiveCfg = Debug|Any CPU
		{0B0B5751-9B4B-4D34-AD78-04BD4BD7EE86}.Debug|Any CPU.Build.0 = Debug|Any CPU
		{0B0B5751-9B4B-4D34-AD78-04BD4BD7EE86}.Release|Any CPU.ActiveCfg = Release|Any CPU
		{0B0B5751-9B4B-4D34-AD78-04BD4BD7EE86}.Release|Any CPU.Build.0 = Release|Any CPU
		{B9E0218A-5ED3-4441-905B-27C3FC8CEDA4}.Debug|Any CPU.ActiveCfg = Debug|Any CPU
		{B9E0218A-5ED3-4441-905B-27C3FC8CEDA4}.Debug|Any CPU.Build.0 = Debug|Any CPU
		{B9E0218A-5ED3-4441-905B-27C3FC8CEDA4}.Release|Any CPU.ActiveCfg = Release|Any CPU
		{B9E0218A-5ED3-4441-905B-27C3FC8CEDA4}.Release|Any CPU.Build.0 = Release|Any CPU
		{8B1D89D2-09AA-4D86-A39C-1AE61AE4AC40}.Debug|Any CPU.ActiveCfg = Debug|Any CPU
		{8B1D89D2-09AA-4D86-A39C-1AE61AE4AC40}.Debug|Any CPU.Build.0 = Debug|Any CPU
		{8B1D89D2-09AA-4D86-A39C-1AE61AE4AC40}.Release|Any CPU.ActiveCfg = Release|Any CPU
		{8B1D89D2-09AA-4D86-A39C-1AE61AE4AC40}.Release|Any CPU.Build.0 = Release|Any CPU
		{A45D14A1-A524-4DC0-B726-69839E079BE0}.Debug|Any CPU.ActiveCfg = Debug|Any CPU
		{A45D14A1-A524-4DC0-B726-69839E079BE0}.Debug|Any CPU.Build.0 = Debug|Any CPU
		{A45D14A1-A524-4DC0-B726-69839E079BE0}.Release|Any CPU.ActiveCfg = Release|Any CPU
		{A45D14A1-A524-4DC0-B726-69839E079BE0}.Release|Any CPU.Build.0 = Release|Any CPU
		{B0E28663-33DB-448E-980D-2A05DC0EE6C9}.Debug|Any CPU.ActiveCfg = Debug|Any CPU
		{B0E28663-33DB-448E-980D-2A05DC0EE6C9}.Debug|Any CPU.Build.0 = Debug|Any CPU
		{B0E28663-33DB-448E-980D-2A05DC0EE6C9}.Release|Any CPU.ActiveCfg = Release|Any CPU
		{B0E28663-33DB-448E-980D-2A05DC0EE6C9}.Release|Any CPU.Build.0 = Release|Any CPU
	EndGlobalSection
	GlobalSection(SolutionProperties) = preSolution
		HideSolutionNode = FALSE
	EndGlobalSection
	GlobalSection(ExtensibilityGlobals) = postSolution
		SolutionGuid = {E0711BBE-36DF-4577-BD58-0773CD990903}
	EndGlobalSection
EndGlobal
